
Microsoft Visual Studio Solution File, Format Version 12.00
# Visual Studio Version 17
VisualStudioVersion = 17.13.35818.85 d17.13
MinimumVisualStudioVersion = 10.0.40219.1
Project("{FAE04EC0-301F-11D3-BF4B-00C04F79EFBC}") = "AuthAPI", "AuthAPI\AuthAPI.csproj", "{F3CD6C28-086C-4EA0-A1E9-E6E859EB7BB8}"
EndProject
Global
	GlobalSection(SolutionConfigurationPlatforms) = preSolution
		Debug|Any CPU = Debug|Any CPU
		Release|Any CPU = Release|Any CPU
	EndGlobalSection
	GlobalSection(ProjectConfigurationPlatforms) = postSolution
		{F3CD6C28-086C-4EA0-A1E9-E6E859EB7BB8}.Debug|Any CPU.ActiveCfg = Debug|Any CPU
		{F3CD6C28-086C-4EA0-A1E9-E6E859EB7BB8}.Debug|Any CPU.Build.0 = Debug|Any CPU
		{F3CD6C28-086C-4EA0-A1E9-E6E859EB7BB8}.Release|Any CPU.ActiveCfg = Release|Any CPU
		{F3CD6C28-086C-4EA0-A1E9-E6E859EB7BB8}.Release|Any CPU.Build.0 = Release|Any CPU
	EndGlobalSection
	GlobalSection(SolutionProperties) = preSolution
		HideSolutionNode = FALSE
	EndGlobalSection
	GlobalSection(ExtensibilityGlobals) = postSolution
		SolutionGuid = {E9025BE6-59CC-406F-A394-B3C78ED31906}
	EndGlobalSection
EndGlobal
